
Microsoft Visual Studio Solution File, Format Version 12.00
# Visual Studio Version 17
VisualStudioVersion = 17.3.32804.467
MinimumVisualStudioVersion = 10.0.40219.1
Project("{2150E333-8FDC-42A3-9474-1A3956D46DE8}") = "Services", "Services", "{B4C7EC05-79C6-4D0F-9469-9BEB5DEA9F9E}"
EndProject
Project("{2150E333-8FDC-42A3-9474-1A3956D46DE8}") = "Catalog", "Catalog", "{849B86D0-5E13-4269-9F5A-D726DBD3B9E2}"
EndProject
Project("{9A19103F-16F7-4668-BE54-9A1E7A4F7556}") = "FreeCourse.Services.Catalog", "Services\Catalog\FreeCourse.Services.Catalog\FreeCourse.Services.Catalog.csproj", "{0AA523BB-5043-4DD4-8B5F-8944596DD1DA}"
EndProject
Project("{2150E333-8FDC-42A3-9474-1A3956D46DE8}") = "Solution Items", "Solution Items", "{14EC4228-EDBD-42BC-AF55-31E5ECF99179}"
	ProjectSection(SolutionItems) = preProject
		Ports.txt = Ports.txt
	EndProjectSection
EndProject
Project("{2150E333-8FDC-42A3-9474-1A3956D46DE8}") = "Shared", "Shared", "{7F30398D-56C3-4F6A-A140-F50982CEFC57}"
EndProject
Project("{9A19103F-16F7-4668-BE54-9A1E7A4F7556}") = "FreeCourse.Shared", "Shared\FreeCourse.Shared\FreeCourse.Shared.csproj", "{92823D1F-E72D-49B5-B01B-DFF78FF55ED8}"
EndProject
Project("{2150E333-8FDC-42A3-9474-1A3956D46DE8}") = "IdentityServer", "IdentityServer", "{D7EC8D62-D298-4748-BA44-3EDBFC933760}"
EndProject
Project("{9A19103F-16F7-4668-BE54-9A1E7A4F7556}") = "FreeCourse.IdentityServer", "IdentityServer\FreeCourse.IdentityServer\FreeCourse.IdentityServer.csproj", "{DACFCAE0-EA6C-4AE8-8128-6EED0012E06E}"
EndProject
Global
	GlobalSection(SolutionConfigurationPlatforms) = preSolution
		Debug|Any CPU = Debug|Any CPU
		Release|Any CPU = Release|Any CPU
	EndGlobalSection
	GlobalSection(ProjectConfigurationPlatforms) = postSolution
		{0AA523BB-5043-4DD4-8B5F-8944596DD1DA}.Debug|Any CPU.ActiveCfg = Debug|Any CPU
		{0AA523BB-5043-4DD4-8B5F-8944596DD1DA}.Debug|Any CPU.Build.0 = Debug|Any CPU
		{0AA523BB-5043-4DD4-8B5F-8944596DD1DA}.Release|Any CPU.ActiveCfg = Release|Any CPU
		{0AA523BB-5043-4DD4-8B5F-8944596DD1DA}.Release|Any CPU.Build.0 = Release|Any CPU
		{92823D1F-E72D-49B5-B01B-DFF78FF55ED8}.Debug|Any CPU.ActiveCfg = Debug|Any CPU
		{92823D1F-E72D-49B5-B01B-DFF78FF55ED8}.Debug|Any CPU.Build.0 = Debug|Any CPU
		{92823D1F-E72D-49B5-B01B-DFF78FF55ED8}.Release|Any CPU.ActiveCfg = Release|Any CPU
		{92823D1F-E72D-49B5-B01B-DFF78FF55ED8}.Release|Any CPU.Build.0 = Release|Any CPU
		{DACFCAE0-EA6C-4AE8-8128-6EED0012E06E}.Debug|Any CPU.ActiveCfg = Debug|Any CPU
		{DACFCAE0-EA6C-4AE8-8128-6EED0012E06E}.Debug|Any CPU.Build.0 = Debug|Any CPU
		{DACFCAE0-EA6C-4AE8-8128-6EED0012E06E}.Release|Any CPU.ActiveCfg = Release|Any CPU
		{DACFCAE0-EA6C-4AE8-8128-6EED0012E06E}.Release|Any CPU.Build.0 = Release|Any CPU
	EndGlobalSection
	GlobalSection(SolutionProperties) = preSolution
		HideSolutionNode = FALSE
	EndGlobalSection
	GlobalSection(NestedProjects) = preSolution
		{849B86D0-5E13-4269-9F5A-D726DBD3B9E2} = {B4C7EC05-79C6-4D0F-9469-9BEB5DEA9F9E}
		{0AA523BB-5043-4DD4-8B5F-8944596DD1DA} = {849B86D0-5E13-4269-9F5A-D726DBD3B9E2}
		{92823D1F-E72D-49B5-B01B-DFF78FF55ED8} = {7F30398D-56C3-4F6A-A140-F50982CEFC57}
		{DACFCAE0-EA6C-4AE8-8128-6EED0012E06E} = {D7EC8D62-D298-4748-BA44-3EDBFC933760}
	EndGlobalSection
	GlobalSection(ExtensibilityGlobals) = postSolution
		SolutionGuid = {A0873669-6329-4C69-B4BE-2AD6BD0C9D44}
	EndGlobalSection
EndGlobal
